
Microsoft Visual Studio Solution File, Format Version 12.00
# Visual Studio Version 17
VisualStudioVersion = 17.0.32112.339
MinimumVisualStudioVersion = 10.0.40219.1
Project("{FAE04EC0-301F-11D3-BF4B-00C04F79EFBC}") = "ArdalisRating", "ArdalisRating\ArdalisRating.csproj", "{7E5CAC27-F533-4C08-A114-FE936E3594CA}"
EndProject
Project("{FAE04EC0-301F-11D3-BF4B-00C04F79EFBC}") = "ArdalisRating.Tests", "ArdalisRating.Tests\ArdalisRating.Tests.csproj", "{E6878BB1-ACE3-4617-B88E-DFA1CD03F8B9}"
EndProject
Global
	GlobalSection(SolutionConfigurationPlatforms) = preSolution
		Debug|Any CPU = Debug|Any CPU
		Release|Any CPU = Release|Any CPU
	EndGlobalSection
	GlobalSection(ProjectConfigurationPlatforms) = postSolution
		{7E5CAC27-F533-4C08-A114-FE936E3594CA}.Debug|Any CPU.ActiveCfg = Debug|Any CPU
		{7E5CAC27-F533-4C08-A114-FE936E3594CA}.Debug|Any CPU.Build.0 = Debug|Any CPU
		{7E5CAC27-F533-4C08-A114-FE936E3594CA}.Release|Any CPU.ActiveCfg = Release|Any CPU
		{7E5CAC27-F533-4C08-A114-FE936E3594CA}.Release|Any CPU.Build.0 = Release|Any CPU
		{E6878BB1-ACE3-4617-B88E-DFA1CD03F8B9}.Debug|Any CPU.ActiveCfg = Debug|Any CPU
		{E6878BB1-ACE3-4617-B88E-DFA1CD03F8B9}.Debug|Any CPU.Build.0 = Debug|Any CPU
		{E6878BB1-ACE3-4617-B88E-DFA1CD03F8B9}.Release|Any CPU.ActiveCfg = Release|Any CPU
		{E6878BB1-ACE3-4617-B88E-DFA1CD03F8B9}.Release|Any CPU.Build.0 = Release|Any CPU
	EndGlobalSection
	GlobalSection(SolutionProperties) = preSolution
		HideSolutionNode = FALSE
	EndGlobalSection
	GlobalSection(ExtensibilityGlobals) = postSolution
		SolutionGuid = {9E156253-E7B9-42C0-8623-F24345277414}
	EndGlobalSection
EndGlobal
